
Microsoft Visual Studio Solution File, Format Version 12.00
# Visual Studio Version 16
VisualStudioVersion = 16.0.29503.13
MinimumVisualStudioVersion = 10.0.40219.1
Project("{8BC9CEB8-8B4A-11D0-8D11-00A0C91BC942}") = "Task1", "Task1\Task1.vcxproj", "{CDEB8397-D535-429D-85CD-B0908C3DC980}"
EndProject
Project("{8BC9CEB8-8B4A-11D0-8D11-00A0C91BC942}") = "Task2", "Task2\Task2.vcxproj", "{D1B240F5-2D62-4BB3-8954-0BC45B31B9C8}"
EndProject
Project("{8BC9CEB8-8B4A-11D0-8D11-00A0C91BC942}") = "Task3", "Task3\Task3.vcxproj", "{CAC02E43-6D2A-4C78-8215-54C25B77022F}"
EndProject
Project("{8BC9CEB8-8B4A-11D0-8D11-00A0C91BC942}") = "Task4", "Task4\Task4.vcxproj", "{1FB874C9-F182-4EC5-B01B-F8CAD98AF394}"
EndProject
Project("{8BC9CEB8-8B4A-11D0-8D11-00A0C91BC942}") = "Task5", "Task5\Task5.vcxproj", "{8E9E35EE-396F-43BE-A87C-95A6AEAE0D46}"
EndProject
Project("{8BC9CEB8-8B4A-11D0-8D11-00A0C91BC942}") = "Task6", "Task6\Task6.vcxproj", "{03139B06-F1CB-47FF-9635-EE937156199A}"
EndProject
Global
	GlobalSection(SolutionConfigurationPlatforms) = preSolution
		Debug|x64 = Debug|x64
		Debug|x86 = Debug|x86
		Release|x64 = Release|x64
		Release|x86 = Release|x86
	EndGlobalSection
	GlobalSection(ProjectConfigurationPlatforms) = postSolution
		{CDEB8397-D535-429D-85CD-B0908C3DC980}.Debug|x64.ActiveCfg = Debug|x64
		{CDEB8397-D535-429D-85CD-B0908C3DC980}.Debug|x64.Build.0 = Debug|x64
		{CDEB8397-D535-429D-85CD-B0908C3DC980}.Debug|x86.ActiveCfg = Debug|Win32
		{CDEB8397-D535-429D-85CD-B0908C3DC980}.Debug|x86.Build.0 = Debug|Win32
		{CDEB8397-D535-429D-85CD-B0908C3DC980}.Release|x64.ActiveCfg = Release|x64
		{CDEB8397-D535-429D-85CD-B0908C3DC980}.Release|x64.Build.0 = Release|x64
		{CDEB8397-D535-429D-85CD-B0908C3DC980}.Release|x86.ActiveCfg = Release|Win32
		{CDEB8397-D535-429D-85CD-B0908C3DC980}.Release|x86.Build.0 = Release|Win32
		{D1B240F5-2D62-4BB3-8954-0BC45B31B9C8}.Debug|x64.ActiveCfg = Debug|x64
		{D1B240F5-2D62-4BB3-8954-0BC45B31B9C8}.Debug|x64.Build.0 = Debug|x64
		{D1B240F5-2D62-4BB3-8954-0BC45B31B9C8}.Debug|x86.ActiveCfg = Debug|Win32
		{D1B240F5-2D62-4BB3-8954-0BC45B31B9C8}.Debug|x86.Build.0 = Debug|Win32
		{D1B240F5-2D62-4BB3-8954-0BC45B31B9C8}.Release|x64.ActiveCfg = Release|x64
		{D1B240F5-2D62-4BB3-8954-0BC45B31B9C8}.Release|x64.Build.0 = Release|x64
		{D1B240F5-2D62-4BB3-8954-0BC45B31B9C8}.Release|x86.ActiveCfg = Release|Win32
		{D1B240F5-2D62-4BB3-8954-0BC45B31B9C8}.Release|x86.Build.0 = Release|Win32
		{CAC02E43-6D2A-4C78-8215-54C25B77022F}.Debug|x64.ActiveCfg = Debug|x64
		{CAC02E43-6D2A-4C78-8215-54C25B77022F}.Debug|x64.Build.0 = Debug|x64
		{CAC02E43-6D2A-4C78-8215-54C25B77022F}.Debug|x86.ActiveCfg = Debug|Win32
		{CAC02E43-6D2A-4C78-8215-54C25B77022F}.Debug|x86.Build.0 = Debug|Win32
		{CAC02E43-6D2A-4C78-8215-54C25B77022F}.Release|x64.ActiveCfg = Release|x64
		{CAC02E43-6D2A-4C78-8215-54C25B77022F}.Release|x64.Build.0 = Release|x64
		{CAC02E43-6D2A-4C78-8215-54C25B77022F}.Release|x86.ActiveCfg = Release|Win32
		{CAC02E43-6D2A-4C78-8215-54C25B77022F}.Release|x86.Build.0 = Release|Win32
		{1FB874C9-F182-4EC5-B01B-F8CAD98AF394}.Debug|x64.ActiveCfg = Debug|x64
		{1FB874C9-F182-4EC5-B01B-F8CAD98AF394}.Debug|x64.Build.0 = Debug|x64
		{1FB874C9-F182-4EC5-B01B-F8CAD98AF394}.Debug|x86.ActiveCfg = Debug|Win32
		{1FB874C9-F182-4EC5-B01B-F8CAD98AF394}.Debug|x86.Build.0 = Debug|Win32
		{1FB874C9-F182-4EC5-B01B-F8CAD98AF394}.Release|x64.ActiveCfg = Release|x64
		{1FB874C9-F182-4EC5-B01B-F8CAD98AF394}.Release|x64.Build.0 = Release|x64
		{1FB874C9-F182-4EC5-B01B-F8CAD98AF394}.Release|x86.ActiveCfg = Release|Win32
		{1FB874C9-F182-4EC5-B01B-F8CAD98AF394}.Release|x86.Build.0 = Release|Win32
		{8E9E35EE-396F-43BE-A87C-95A6AEAE0D46}.Debug|x64.ActiveCfg = Debug|x64
		{8E9E35EE-396F-43BE-A87C-95A6AEAE0D46}.Debug|x64.Build.0 = Debug|x64
		{8E9E35EE-396F-43BE-A87C-95A6AEAE0D46}.Debug|x86.ActiveCfg = Debug|Win32
		{8E9E35EE-396F-43BE-A87C-95A6AEAE0D46}.Debug|x86.Build.0 = Debug|Win32
		{8E9E35EE-396F-43BE-A87C-95A6AEAE0D46}.Release|x64.ActiveCfg = Release|x64
		{8E9E35EE-396F-43BE-A87C-95A6AEAE0D46}.Release|x64.Build.0 = Release|x64
		{8E9E35EE-396F-43BE-A87C-95A6AEAE0D46}.Release|x86.ActiveCfg = Release|Win32
		{8E9E35EE-396F-43BE-A87C-95A6AEAE0D46}.Release|x86.Build.0 = Release|Win32
		{03139B06-F1CB-47FF-9635-EE937156199A}.Debug|x64.ActiveCfg = Debug|x64
		{03139B06-F1CB-47FF-9635-EE937156199A}.Debug|x64.Build.0 = Debug|x64
		{03139B06-F1CB-47FF-9635-EE937156199A}.Debug|x86.ActiveCfg = Debug|Win32
		{03139B06-F1CB-47FF-9635-EE937156199A}.Debug|x86.Build.0 = Debug|Win32
		{03139B06-F1CB-47FF-9635-EE937156199A}.Release|x64.ActiveCfg = Release|x64
		{03139B06-F1CB-47FF-9635-EE937156199A}.Release|x64.Build.0 = Release|x64
		{03139B06-F1CB-47FF-9635-EE937156199A}.Release|x86.ActiveCfg = Release|Win32
		{03139B06-F1CB-47FF-9635-EE937156199A}.Release|x86.Build.0 = Release|Win32
	EndGlobalSection
	GlobalSection(SolutionProperties) = preSolution
		HideSolutionNode = FALSE
	EndGlobalSection
	GlobalSection(ExtensibilityGlobals) = postSolution
		SolutionGuid = {AB266A92-7AB4-40C3-B199-021A8D9F66D0}
	EndGlobalSection
EndGlobal
